{
	"name": "@nsnanocat/grpc",
	"lockfileVersion": 3,
	"requires": true,
	"packages": {
		"": {
			"name": "@nsnanocat/grpc",
			"license": "Apache-2.0",
			"dependencies": {
				"@nsnanocat/util": "^2.4.1",
				"pako": "^2.1.0"
			},
			"devDependencies": {
				"typescript": "^5.9.3"
			}
		},
		"node_modules/@nsnanocat/util": {
			"version": "2.4.1",
			"resolved": "https://npm.pkg.github.com/download/@nsnanocat/util/2.4.1/396a064683e528e450d6e887860a4df44c602a65",
			"integrity": "sha512-Vj6VGqCCSYyNqFQ4vpz+ZUVhb22GN1iB/Ms5COLOWTX1UYKY8GmC5tCZVeJTIZgOT39vAo0mM+YqbaQJYf61CA==",
			"license": "Apache-2.0"
		},
		"node_modules/pako": {
			"version": "2.1.0",
			"resolved": "https://registry.npmjs.org/pako/-/pako-2.1.0.tgz",
			"integrity": "sha512-w+eufiZ1WuJYgPXbV/PO3NCMEc3xqylkKHzp8bxp1uW4qaSNQUkwmLLEc3kKsfz8lpV1F8Ht3U1Cm+9Srog2ug==",
			"license": "(MIT AND Zlib)"
		},
		"node_modules/typescript": {
			"version": "5.9.3",
			"resolved": "https://registry.npmjs.org/typescript/-/typescript-5.9.3.tgz",
			"integrity": "sha512-jl1vZzPDinLr9eUt3J/t7V6FgNEw9QjvBPdysz9KfQDD41fQrC2Y4vKQdiaUpFT4bXlb1RHhLpp8wtm6M5TgSw==",
			"dev": true,
			"license": "Apache-2.0",
			"bin": {
				"tsc": "bin/tsc",
				"tsserver": "bin/tsserver"
			},
			"engines": {
				"node": ">=14.17"
			}
		}
	}
}
